<Solution>
  <Folder Name="/src/">
    <Project Path="src/AccountRotation.Core/AccountRotation.Core.csproj" />
    <Project Path="src/AccountRotation.App/AccountRotation.App.csproj" />
  </Folder>
  <Folder Name="/tests/">
    <Project Path="tests/AccountRotation.Core.Tests/AccountRotation.Core.Tests.csproj" />
    <Project Path="tests/AccountRotation.App.Tests/AccountRotation.App.Tests.csproj" />
  </Folder>
</Solution>
